{
  "name": "dynamodb-item",
  "version": "1.0.0",
  "lockfileVersion": 2,
  "requires": true,
  "packages": {
    "": {
      "version": "1.0.0",
      "license": "ISC",
      "dependencies": {
        "cfn-response": "^1.0.1"
      }
    },
    "node_modules/cfn-response": {
      "version": "1.0.1",
      "resolved": "https://registry.npmjs.org/cfn-response/-/cfn-response-1.0.1.tgz",
      "integrity": "sha1-qOwDlQwGg8UUlejKaA2dwLiEsTc="
    }
  },
  "dependencies": {
    "cfn-response": {
      "version": "1.0.1",
      "resolved": "https://registry.npmjs.org/cfn-response/-/cfn-response-1.0.1.tgz",
      "integrity": "sha1-qOwDlQwGg8UUlejKaA2dwLiEsTc="
    }
  }
}
